// !$*UTF8*$!
{
	archiveVersion = 1;
	classes = {
	};
	objectVersion = 50;
	objects = {

/* Begin PBXBuildFile section */
		7D66911820F49C6F00A9BA8E /* IsCodeExtension.swift in Sources */ = {isa = PBXBuildFile; fileRef = 7D66911720F49C6F00A9BA8E /* IsCodeExtension.swift */; };
		7D66911F20F49CBD00A9BA8E /* LabelExtension.swift in Sources */ = {isa = PBXBuildFile; fileRef = 7D66911E20F49CBD00A9BA8E /* LabelExtension.swift */; };
		7D66912120F49CD800A9BA8E /* ColorExtension.swift in Sources */ = {isa = PBXBuildFile; fileRef = 7D66912020F49CD800A9BA8E /* ColorExtension.swift */; };
		7D66912320F49D0800A9BA8E /* UIViewExtension.swift in Sources */ = {isa = PBXBuildFile; fileRef = 7D66912220F49D0800A9BA8E /* UIViewExtension.swift */; };
		7D66912520F49D2700A9BA8E /* DoubleExtension.swift in Sources */ = {isa = PBXBuildFile; fileRef = 7D66912420F49D2700A9BA8E /* DoubleExtension.swift */; };
		7D66912720F49D3600A9BA8E /* IntExtension.swift in Sources */ = {isa = PBXBuildFile; fileRef = 7D66912620F49D3600A9BA8E /* IntExtension.swift */; };
		7D66912920F49D5E00A9BA8E /* DateFormatterExtension.swift in Sources */ = {isa = PBXBuildFile; fileRef = 7D66912820F49D5E00A9BA8E /* DateFormatterExtension.swift */; };
		7D66912B20F49D8200A9BA8E /* DateExtension.swift in Sources */ = {isa = PBXBuildFile; fileRef = 7D66912A20F49D8200A9BA8E /* DateExtension.swift */; };
		7D66912D20F49DB700A9BA8E /* StringExtension.swift in Sources */ = {isa = PBXBuildFile; fileRef = 7D66912C20F49DB700A9BA8E /* StringExtension.swift */; };
		7D66912F20F4A83000A9BA8E /* ButtonExtension.swift in Sources */ = {isa = PBXBuildFile; fileRef = 7D66912E20F4A83000A9BA8E /* ButtonExtension.swift */; };
/* End PBXBuildFile section */

/* Begin PBXCopyFilesBuildPhase section */
		7D66911220F49C6F00A9BA8E /* CopyFiles */ = {
			isa = PBXCopyFilesBuildPhase;
			buildActionMask = 2147483647;
			dstPath = "include/$(PRODUCT_NAME)";
			dstSubfolderSpec = 16;
			files = (
			);
			runOnlyForDeploymentPostprocessing = 0;
		};
/* End PBXCopyFilesBuildPhase section */

/* Begin PBXFileReference section */
		7D66911420F49C6F00A9BA8E /* libIsCodeExtension.a */ = {isa = PBXFileReference; explicitFileType = archive.ar; includeInIndex = 0; path = libIsCodeExtension.a; sourceTree = BUILT_PRODUCTS_DIR; };
		7D66911720F49C6F00A9BA8E /* IsCodeExtension.swift */ = {isa = PBXFileReference; lastKnownFileType = sourcecode.swift; path = IsCodeExtension.swift; sourceTree = "<group>"; };
		7D66911E20F49CBD00A9BA8E /* LabelExtension.swift */ = {isa = PBXFileReference; lastKnownFileType = sourcecode.swift; path = LabelExtension.swift; sourceTree = "<group>"; };
		7D66912020F49CD800A9BA8E /* ColorExtension.swift */ = {isa = PBXFileReference; lastKnownFileType = sourcecode.swift; path = ColorExtension.swift; sourceTree = "<group>"; };
		7D66912220F49D0800A9BA8E /* UIViewExtension.swift */ = {isa = PBXFileReference; lastKnownFileType = sourcecode.swift; path = UIViewExtension.swift; sourceTree = "<group>"; };
		7D66912420F49D2700A9BA8E /* DoubleExtension.swift */ = {isa = PBXFileReference; lastKnownFileType = sourcecode.swift; path = DoubleExtension.swift; sourceTree = "<group>"; };
		7D66912620F49D3600A9BA8E /* IntExtension.swift */ = {isa = PBXFileReference; lastKnownFileType = sourcecode.swift; path = IntExtension.swift; sourceTree = "<group>"; };
		7D66912820F49D5E00A9BA8E /* DateFormatterExtension.swift */ = {isa = PBXFileReference; lastKnownFileType = sourcecode.swift; path = DateFormatterExtension.swift; sourceTree = "<group>"; };
		7D66912A20F49D8200A9BA8E /* DateExtension.swift */ = {isa = PBXFileReference; lastKnownFileType = sourcecode.swift; path = DateExtension.swift; sourceTree = "<group>"; };
		7D66912C20F49DB700A9BA8E /* StringExtension.swift */ = {isa = PBXFileReference; lastKnownFileType = sourcecode.swift; path = StringExtension.swift; sourceTree = "<group>"; };
		7D66912E20F4A83000A9BA8E /* ButtonExtension.swift */ = {isa = PBXFileReference; lastKnownFileType = sourcecode.swift; path = ButtonExtension.swift; sourceTree = "<group>"; };
/* End PBXFileReference section */

/* Begin PBXFrameworksBuildPhase section */
		7D66911120F49C6F00A9BA8E /* Frameworks */ = {
			isa = PBXFrameworksBuildPhase;
			buildActionMask = 2147483647;
			files = (
			);
			runOnlyForDeploymentPostprocessing = 0;
		};
/* End PBXFrameworksBuildPhase section */

/* Begin PBXGroup section */
		7D66910B20F49C6F00A9BA8E = {
			isa = PBXGroup;
			children = (
				7D66911620F49C6F00A9BA8E /* IsCodeExtension */,
				7D66911520F49C6F00A9BA8E /* Products */,
			);
			sourceTree = "<group>";
		};
		7D66911520F49C6F00A9BA8E /* Products */ = {
			isa = PBXGroup;
			children = (
				7D66911420F49C6F00A9BA8E /* libIsCodeExtension.a */,
			);
			name = Products;
			sourceTree = "<group>";
		};
		7D66911620F49C6F00A9BA8E /* IsCodeExtension */ = {
			isa = PBXGroup;
			children = (
				7D66911720F49C6F00A9BA8E /* IsCodeExtension.swift */,
				7D66911E20F49CBD00A9BA8E /* LabelExtension.swift */,
				7D66912020F49CD800A9BA8E /* ColorExtension.swift */,
				7D66912220F49D0800A9BA8E /* UIViewExtension.swift */,
				7D66912420F49D2700A9BA8E /* DoubleExtension.swift */,
				7D66912620F49D3600A9BA8E /* IntExtension.swift */,
				7D66912820F49D5E00A9BA8E /* DateFormatterExtension.swift */,
				7D66912A20F49D8200A9BA8E /* DateExtension.swift */,
				7D66912C20F49DB700A9BA8E /* StringExtension.swift */,
				7D66912E20F4A83000A9BA8E /* ButtonExtension.swift */,
			);
			path = IsCodeExtension;
			sourceTree = "<group>";
		};
/* End PBXGroup section */

/* Begin PBXNativeTarget section */
		7D66911320F49C6F00A9BA8E /* IsCodeExtension */ = {
			isa = PBXNativeTarget;
			buildConfigurationList = 7D66911B20F49C6F00A9BA8E /* Build configuration list for PBXNativeTarget "IsCodeExtension" */;
			buildPhases = (
				7D66911020F49C6F00A9BA8E /* Sources */,
				7D66911120F49C6F00A9BA8E /* Frameworks */,
				7D66911220F49C6F00A9BA8E /* CopyFiles */,
			);
			buildRules = (
			);
			dependencies = (
			);
			name = IsCodeExtension;
			productName = IsCodeExtension;
			productReference = 7D66911420F49C6F00A9BA8E /* libIsCodeExtension.a */;
			productType = "com.apple.product-type.library.static";
		};
/* End PBXNativeTarget section */

/* Begin PBXProject section */
		7D66910C20F49C6F00A9BA8E /* Project object */ = {
			isa = PBXProject;
			attributes = {
				LastSwiftUpdateCheck = 0940;
				LastUpgradeCheck = 0940;
				ORGANIZATIONNAME = Iscode;
				TargetAttributes = {
					7D66911320F49C6F00A9BA8E = {
						CreatedOnToolsVersion = 9.4.1;
					};
				};
			};
			buildConfigurationList = 7D66910F20F49C6F00A9BA8E /* Build configuration list for PBXProject "IsCodeExtension" */;
			compatibilityVersion = "Xcode 9.3";
			developmentRegion = en;
			hasScannedForEncodings = 0;
			knownRegions = (
				en,
			);
			mainGroup = 7D66910B20F49C6F00A9BA8E;
			productRefGroup = 7D66911520F49C6F00A9BA8E /* Products */;
			projectDirPath = "";
			projectRoot = "";
			targets = (
				7D66911320F49C6F00A9BA8E /* IsCodeExtension */,
			);
		};
/* End PBXProject section */

/* Begin PBXSourcesBuildPhase section */
		7D66911020F49C6F00A9BA8E /* Sources */ = {
			isa = PBXSourcesBuildPhase;
			buildActionMask = 2147483647;
			files = (
				7D66912520F49D2700A9BA8E /* DoubleExtension.swift in Sources */,
				7D66912B20F49D8200A9BA8E /* DateExtension.swift in Sources */,
				7D66912120F49CD800A9BA8E /* ColorExtension.swift in Sources */,
				7D66912920F49D5E00A9BA8E /* DateFormatterExtension.swift in Sources */,
				7D66911F20F49CBD00A9BA8E /* LabelExtension.swift in Sources */,
				7D66912D20F49DB700A9BA8E /* StringExtension.swift in Sources */,
				7D66912320F49D0800A9BA8E /* UIViewExtension.swift in Sources */,
				7D66912F20F4A83000A9BA8E /* ButtonExtension.swift in Sources */,
				7D66911820F49C6F00A9BA8E /* IsCodeExtension.swift in Sources */,
				7D66912720F49D3600A9BA8E /* IntExtension.swift in Sources */,
			);
			runOnlyForDeploymentPostprocessing = 0;
		};
/* End PBXSourcesBuildPhase section */

/* Begin XCBuildConfiguration section */
		7D66911920F49C6F00A9BA8E /* Debug */ = {
			isa = XCBuildConfiguration;
			buildSettings = {
				ALWAYS_SEARCH_USER_PATHS = NO;
				CLANG_ANALYZER_NONNULL = YES;
				CLANG_ANALYZER_NUMBER_OBJECT_CONVERSION = YES_AGGRESSIVE;
				CLANG_CXX_LANGUAGE_STANDARD = "gnu++14";
				CLANG_CXX_LIBRARY = "libc++";
				CLANG_ENABLE_MODULES = YES;
				CLANG_ENABLE_OBJC_ARC = YES;
				CLANG_ENABLE_OBJC_WEAK = YES;
				CLANG_WARN_BLOCK_CAPTURE_AUTORELEASING = YES;
				CLANG_WARN_BOOL_CONVERSION = YES;
				CLANG_WARN_COMMA = YES;
				CLANG_WARN_CONSTANT_CONVERSION = YES;
				CLANG_WARN_DEPRECATED_OBJC_IMPLEMENTATIONS = YES;
				CLANG_WARN_DIRECT_OBJC_ISA_USAGE = YES_ERROR;
				CLANG_WARN_DOCUMENTATION_COMMENTS = YES;
				CLANG_WARN_EMPTY_BODY = YES;
				CLANG_WARN_ENUM_CONVERSION = YES;
				CLANG_WARN_INFINITE_RECURSION = YES;
				CLANG_WARN_INT_CONVERSION = YES;
				CLANG_WARN_NON_LITERAL_NULL_CONVERSION = YES;
				CLANG_WARN_OBJC_IMPLICIT_RETAIN_SELF = YES;
				CLANG_WARN_OBJC_LITERAL_CONVERSION = YES;
				CLANG_WARN_OBJC_ROOT_CLASS = YES_ERROR;
				CLANG_WARN_RANGE_LOOP_ANALYSIS = YES;
				CLANG_WARN_STRICT_PROTOTYPES = YES;
				CLANG_WARN_SUSPICIOUS_MOVE = YES;
				CLANG_WARN_UNGUARDED_AVAILABILITY = YES_AGGRESSIVE;
				CLANG_WARN_UNREACHABLE_CODE = YES;
				CLANG_WARN__DUPLICATE_METHOD_MATCH = YES;
				CODE_SIGN_IDENTITY = "iPhone Developer";
				COPY_PHASE_STRIP = NO;
				DEBUG_INFORMATION_FORMAT = dwarf;
				ENABLE_STRICT_OBJC_MSGSEND = YES;
				ENABLE_TESTABILITY = YES;
				GCC_C_LANGUAGE_STANDARD = gnu11;
				GCC_DYNAMIC_NO_PIC = NO;
				GCC_NO_COMMON_BLOCKS = YES;
				GCC_OPTIMIZATION_LEVEL = 0;
				GCC_PREPROCESSOR_DEFINITIONS = (
					"DEBUG=1",
					"$(inherited)",
				);
				GCC_WARN_64_TO_32_BIT_CONVERSION = YES;
				GCC_WARN_ABOUT_RETURN_TYPE = YES_ERROR;
				GCC_WARN_UNDECLARED_SELECTOR = YES;
				GCC_WARN_UNINITIALIZED_AUTOS = YES_AGGRESSIVE;
				GCC_WARN_UNUSED_FUNCTION = YES;
				GCC_WARN_UNUSED_VARIABLE = YES;
				IPHONEOS_DEPLOYMENT_TARGET = 11.4;
				MTL_ENABLE_DEBUG_INFO = YES;
				ONLY_ACTIVE_ARCH = YES;
				SDKROOT = iphoneos;
				SWIFT_ACTIVE_COMPILATION_CONDITIONS = DEBUG;
				SWIFT_OPTIMIZATION_LEVEL = "-Onone";
			};
			name = Debug;
		};
		7D66911A20F49C6F00A9BA8E /* Release */ = {
			isa = XCBuildConfiguration;
			buildSettings = {
				ALWAYS_SEARCH_USER_PATHS = NO;
				CLANG_ANALYZER_NONNULL = YES;
				CLANG_ANALYZER_NUMBER_OBJECT_CONVERSION = YES_AGGRESSIVE;
				CLANG_CXX_LANGUAGE_STANDARD = "gnu++14";
				CLANG_CXX_LIBRARY = "libc++";
				CLANG_ENABLE_MODULES = YES;
				CLANG_ENABLE_OBJC_ARC = YES;
				CLANG_ENABLE_OBJC_WEAK = YES;
				CLANG_WARN_BLOCK_CAPTURE_AUTORELEASING = YES;
				CLANG_WARN_BOOL_CONVERSION = YES;
				CLANG_WARN_COMMA = YES;
				CLANG_WARN_CONSTANT_CONVERSION = YES;
				CLANG_WARN_DEPRECATED_OBJC_IMPLEMENTATIONS = YES;
				CLANG_WARN_DIRECT_OBJC_ISA_USAGE = YES_ERROR;
				CLANG_WARN_DOCUMENTATION_COMMENTS = YES;
				CLANG_WARN_EMPTY_BODY = YES;
				CLANG_WARN_ENUM_CONVERSION = YES;
				CLANG_WARN_INFINITE_RECURSION = YES;
				CLANG_WARN_INT_CONVERSION = YES;
				CLANG_WARN_NON_LITERAL_NULL_CONVERSION = YES;
				CLANG_WARN_OBJC_IMPLICIT_RETAIN_SELF = YES;
				CLANG_WARN_OBJC_LITERAL_CONVERSION = YES;
				CLANG_WARN_OBJC_ROOT_CLASS = YES_ERROR;
				CLANG_WARN_RANGE_LOOP_ANALYSIS = YES;
				CLANG_WARN_STRICT_PROTOTYPES = YES;
				CLANG_WARN_SUSPICIOUS_MOVE = YES;
				CLANG_WARN_UNGUARDED_AVAILABILITY = YES_AGGRESSIVE;
				CLANG_WARN_UNREACHABLE_CODE = YES;
				CLANG_WARN__DUPLICATE_METHOD_MATCH = YES;
				CODE_SIGN_IDENTITY = "iPhone Developer";
				COPY_PHASE_STRIP = NO;
				DEBUG_INFORMATION_FORMAT = "dwarf-with-dsym";
				ENABLE_NS_ASSERTIONS = NO;
				ENABLE_STRICT_OBJC_MSGSEND = YES;
				GCC_C_LANGUAGE_STANDARD = gnu11;
				GCC_NO_COMMON_BLOCKS = YES;
				GCC_WARN_64_TO_32_BIT_CONVERSION = YES;
				GCC_WARN_ABOUT_RETURN_TYPE = YES_ERROR;
				GCC_WARN_UNDECLARED_SELECTOR = YES;
				GCC_WARN_UNINITIALIZED_AUTOS = YES_AGGRESSIVE;
				GCC_WARN_UNUSED_FUNCTION = YES;
				GCC_WARN_UNUSED_VARIABLE = YES;
				IPHONEOS_DEPLOYMENT_TARGET = 11.4;
				MTL_ENABLE_DEBUG_INFO = NO;
				SDKROOT = iphoneos;
				SWIFT_COMPILATION_MODE = wholemodule;
				SWIFT_OPTIMIZATION_LEVEL = "-O";
				VALIDATE_PRODUCT = YES;
			};
			name = Release;
		};
		7D66911C20F49C6F00A9BA8E /* Debug */ = {
			isa = XCBuildConfiguration;
			buildSettings = {
				CODE_SIGN_STYLE = Automatic;
				DEVELOPMENT_TEAM = T5DK88BN23;
				OTHER_LDFLAGS = "-ObjC";
				PRODUCT_NAME = "$(TARGET_NAME)";
				SKIP_INSTALL = YES;
				SWIFT_VERSION = 4.0;
				TARGETED_DEVICE_FAMILY = "1,2";
			};
			name = Debug;
		};
		7D66911D20F49C6F00A9BA8E /* Release */ = {
			isa = XCBuildConfiguration;
			buildSettings = {
				CODE_SIGN_STYLE = Automatic;
				DEVELOPMENT_TEAM = T5DK88BN23;
				OTHER_LDFLAGS = "-ObjC";
				PRODUCT_NAME = "$(TARGET_NAME)";
				SKIP_INSTALL = YES;
				SWIFT_VERSION = 4.0;
				TARGETED_DEVICE_FAMILY = "1,2";
			};
			name = Release;
		};
/* End XCBuildConfiguration section */

/* Begin XCConfigurationList section */
		7D66910F20F49C6F00A9BA8E /* Build configuration list for PBXProject "IsCodeExtension" */ = {
			isa = XCConfigurationList;
			buildConfigurations = (
				7D66911920F49C6F00A9BA8E /* Debug */,
				7D66911A20F49C6F00A9BA8E /* Release */,
			);
			defaultConfigurationIsVisible = 0;
			defaultConfigurationName = Release;
		};
		7D66911B20F49C6F00A9BA8E /* Build configuration list for PBXNativeTarget "IsCodeExtension" */ = {
			isa = XCConfigurationList;
			buildConfigurations = (
				7D66911C20F49C6F00A9BA8E /* Debug */,
				7D66911D20F49C6F00A9BA8E /* Release */,
			);
			defaultConfigurationIsVisible = 0;
			defaultConfigurationName = Release;
		};
/* End XCConfigurationList section */
	};
	rootObject = 7D66910C20F49C6F00A9BA8E /* Project object */;
}
